
Microsoft Visual Studio Solution File, Format Version 12.00
# Visual Studio Version 17
VisualStudioVersion = 17.0.31912.275
MinimumVisualStudioVersion = 10.0.40219.1
Project("{2150E333-8FDC-42A3-9474-1A3956D46DE8}") = "src", "src", "{94D6C244-EFD7-4F00-A127-D5516F49B52C}"
EndProject
Project("{2150E333-8FDC-42A3-9474-1A3956D46DE8}") = "Api", "Api", "{78BCF158-539F-4DC6-939D-B232592D77AA}"
EndProject
Project("{2150E333-8FDC-42A3-9474-1A3956D46DE8}") = "Core", "Core", "{EAB8F0F1-E9DB-4556-8528-D1C930843F35}"
EndProject
Project("{2150E333-8FDC-42A3-9474-1A3956D46DE8}") = "Infrastructure", "Infrastructure", "{A5781D5B-7F39-493A-AECD-C8013ECB2154}"
EndProject
Project("{2150E333-8FDC-42A3-9474-1A3956D46DE8}") = "UI", "UI", "{C0A629EE-B4E7-4022-AAFC-2623111ABA48}"
EndProject
Project("{2150E333-8FDC-42A3-9474-1A3956D46DE8}") = "test", "test", "{979D6975-DA42-44E4-88EA-6F85BDA1D5A4}"
EndProject
Project("{9A19103F-16F7-4668-BE54-9A1E7A4F7556}") = "HR.LeaveManagement.Domain", "HR.LeaveManagement.Domain\HR.LeaveManagement.Domain.csproj", "{86526CDD-790D-4604-A625-7F50C44A9F80}"
EndProject
Project("{9A19103F-16F7-4668-BE54-9A1E7A4F7556}") = "HR.LeaveManagement.Application", "HR.LeaveManagement.Application\HR.LeaveManagement.Application.csproj", "{48302821-DC08-4503-A454-E69439277D40}"
EndProject
Project("{FAE04EC0-301F-11D3-BF4B-00C04F79EFBC}") = "HR.LeaveManagement.Infrastructure", "HR.LeaveManagement.Infrastructure\HR.LeaveManagement.Infrastructure.csproj", "{881653C5-C3F2-4AEE-AF72-AFB540D0AEEC}"
EndProject
Project("{FAE04EC0-301F-11D3-BF4B-00C04F79EFBC}") = "HR.LeaveManagement.Persistence", "HR.LeaveManagement.Persistence\HR.LeaveManagement.Persistence.csproj", "{24D214BF-FDBE-4EBC-AD76-B5ED55E4CB86}"
EndProject
Global
	GlobalSection(SolutionConfigurationPlatforms) = preSolution
		Debug|Any CPU = Debug|Any CPU
		Release|Any CPU = Release|Any CPU
	EndGlobalSection
	GlobalSection(ProjectConfigurationPlatforms) = postSolution
		{86526CDD-790D-4604-A625-7F50C44A9F80}.Debug|Any CPU.ActiveCfg = Debug|Any CPU
		{86526CDD-790D-4604-A625-7F50C44A9F80}.Debug|Any CPU.Build.0 = Debug|Any CPU
		{86526CDD-790D-4604-A625-7F50C44A9F80}.Release|Any CPU.ActiveCfg = Release|Any CPU
		{86526CDD-790D-4604-A625-7F50C44A9F80}.Release|Any CPU.Build.0 = Release|Any CPU
		{48302821-DC08-4503-A454-E69439277D40}.Debug|Any CPU.ActiveCfg = Debug|Any CPU
		{48302821-DC08-4503-A454-E69439277D40}.Debug|Any CPU.Build.0 = Debug|Any CPU
		{48302821-DC08-4503-A454-E69439277D40}.Release|Any CPU.ActiveCfg = Release|Any CPU
		{48302821-DC08-4503-A454-E69439277D40}.Release|Any CPU.Build.0 = Release|Any CPU
		{881653C5-C3F2-4AEE-AF72-AFB540D0AEEC}.Debug|Any CPU.ActiveCfg = Debug|Any CPU
		{881653C5-C3F2-4AEE-AF72-AFB540D0AEEC}.Debug|Any CPU.Build.0 = Debug|Any CPU
		{881653C5-C3F2-4AEE-AF72-AFB540D0AEEC}.Release|Any CPU.ActiveCfg = Release|Any CPU
		{881653C5-C3F2-4AEE-AF72-AFB540D0AEEC}.Release|Any CPU.Build.0 = Release|Any CPU
		{24D214BF-FDBE-4EBC-AD76-B5ED55E4CB86}.Debug|Any CPU.ActiveCfg = Debug|Any CPU
		{24D214BF-FDBE-4EBC-AD76-B5ED55E4CB86}.Debug|Any CPU.Build.0 = Debug|Any CPU
		{24D214BF-FDBE-4EBC-AD76-B5ED55E4CB86}.Release|Any CPU.ActiveCfg = Release|Any CPU
		{24D214BF-FDBE-4EBC-AD76-B5ED55E4CB86}.Release|Any CPU.Build.0 = Release|Any CPU
	EndGlobalSection
	GlobalSection(SolutionProperties) = preSolution
		HideSolutionNode = FALSE
	EndGlobalSection
	GlobalSection(NestedProjects) = preSolution
		{78BCF158-539F-4DC6-939D-B232592D77AA} = {94D6C244-EFD7-4F00-A127-D5516F49B52C}
		{EAB8F0F1-E9DB-4556-8528-D1C930843F35} = {94D6C244-EFD7-4F00-A127-D5516F49B52C}
		{A5781D5B-7F39-493A-AECD-C8013ECB2154} = {94D6C244-EFD7-4F00-A127-D5516F49B52C}
		{C0A629EE-B4E7-4022-AAFC-2623111ABA48} = {94D6C244-EFD7-4F00-A127-D5516F49B52C}
		{86526CDD-790D-4604-A625-7F50C44A9F80} = {EAB8F0F1-E9DB-4556-8528-D1C930843F35}
		{48302821-DC08-4503-A454-E69439277D40} = {EAB8F0F1-E9DB-4556-8528-D1C930843F35}
		{881653C5-C3F2-4AEE-AF72-AFB540D0AEEC} = {A5781D5B-7F39-493A-AECD-C8013ECB2154}
		{24D214BF-FDBE-4EBC-AD76-B5ED55E4CB86} = {A5781D5B-7F39-493A-AECD-C8013ECB2154}
	EndGlobalSection
	GlobalSection(ExtensibilityGlobals) = postSolution
		SolutionGuid = {EE1B5C48-2B9B-43F6-972C-83C076217709}
	EndGlobalSection
EndGlobal
